version = 1
revision = 3
requires-python = ">=3.12"

[[package]]
name = "browser-cookie3"
version = "0.20.1"
source = { registry = "https://pypi.org/simple" }
dependencies = [
    { name = "jeepney", marker = "'bsd' in sys_platform or sys_platform == 'linux'" },
    { name = "lz4" },
    { name = "pycryptodomex" },
    { name = "shadowcopy", marker = "sys_platform == 'win32'" },
]
sdist = { url = "https://files.pythonhosted.org/packages/e0/e1/652adea0ce25948e613ef78294c8ceaf4b32844aae00680d3a1712dde444/browser_cookie3-0.20.1.tar.gz", hash = "sha256:6d8d0744bf42a5327c951bdbcf77741db3455b8b4e840e18bab266d598368a12", size = 22665, upload-time = "2024-12-20T00:31:30.144Z" }
wheels = [
    { url = "https://files.pythonhosted.org/packages/4e/57/2a716f4ecf6c50b2dbe27439507c480bb7ca5725edef82349ecdcfcdd084/browser_cookie3-0.20.1-py3-none-any.whl", hash = "sha256:4b38bf669d386250733c8339f0036e1cf09c3d8e4d326fd507b9afb84def13d6", size = 17229, upload-time = "2025-01-04T14:46:14.753Z" },
]

[[package]]
name = "duckdb"
version = "1.5.5"
source = { registry = "https://pypi.org/simple" }
sdist = { url = "https://files.pythonhosted.org/packages/7d/19/e57151753576373c6696a12022648546cca6038e8833fda2908ee2342d9b/duckdb-1.5.5.tar.gz", hash = "sha256:72f33ee57ca7595b23957671a2cc7f7fe2be0ecc2d68f63abedcfcaa3a5c1238", size = 18066741, upload-time = "2026-07-22T10:55:17.819Z" }
wheels = [
    { url = "https://files.pythonhosted.org/packages/d6/40/2e05d324400fdaa5656c9f48d6298da421cb034d85e509fa0e6e325cf04b/duckdb-1.5.5-cp312-cp312-macosx_10_13_universal2.whl", hash = "sha256:d4dd65f8941a604b947e0b9b4b4f7165988e29a23ec0b69b4038520956d9933e", size = 32753858, upload-time = "2026-07-22T10:54:05.514Z" },
    { url = "https://files.pythonhosted.org/packages/79/15/5ceb58ffb5bb8a62b3fd7abb39c41467cdf94850ece02e6d88664dfc75ce/duckdb-1.5.5-cp312-cp312-macosx_10_13_x86_64.whl", hash = "sha256:33db46679b071f108d57139493dee2d37e1f5efcf5c5c039c2969eed11a6c8a7", size = 17368293, upload-time = "2026-07-22T10:54:09.139Z" },
    { url = "https://files.pythonhosted.org/packages/bf/5c/bf02da0b354fe83cca4f95a4fbf762181af466f7d551ab2a093f7698882a/duckdb-1.5.5-cp312-cp312-macosx_11_0_arm64.whl", hash = "sha256:f0b88535a5d86fdd63dba6ea02ab68c003dfb9e4892b11256ef24c4da208baae", size = 15509131, upload-time = "2026-07-22T10:54:12.228Z" },
    { url = "https://files.pythonhosted.org/packages/ea/a9/5f1f09da421d8e930e0b063d11c1b3f90363f40ede74438cd188afdd13a2/duckdb-1.5.5-cp312-cp312-manylinux_2_26_aarch64.manylinux_2_28_aarch64.whl", hash = "sha256:f316eae2323d9a851883fdf2dee91c1f9efe251ab33e14a2272f82a913422ed6", size = 19391959, upload-time = "2026-07-22T10:54:15.551Z" },
    { url = "https://files.pythonhosted.org/packages/4f/98/6549769f158126fa64fd6c1ac2eb59a18282146c939867a3eb31b7c1db07/duckdb-1.5.5-cp312-cp312-manylinux_2_26_x86_64.manylinux_2_28_x86_64.whl", hash = "sha256:7a6d2d11859d82a936ebdcb30ce3d8a1cbb3e990bff05c12abb9b54c44fa7bd1", size = 21510909, upload-time = "2026-07-22T10:54:19.681Z" },
    { url = "https://files.pythonhosted.org/packages/af/b7/5753b41d3124838f868f9f523362812d9fc45409e9e4dd70dcbb0a25826e/duckdb-1.5.5-cp312-cp312-win_amd64.whl", hash = "sha256:ddfbdb096c11d51ee22492397d342c90a82e62c5d09961477895934d0a25372f", size = 13168544, upload-time = "2026-07-22T10:54:22.789Z" },
    { url = "https://files.pythonhosted.org/packages/5c/28/44b679c7d46245f8398feae7edac959d1b83d4eb143e25b3fce0630b78bd/duckdb-1.5.5-cp312-cp312-win_arm64.whl", hash = "sha256:2725d2b9ace3a4e75d72fc5a239f6a44b502c580edadb8fb2676db772c5f9282", size = 13988684, upload-time = "2026-07-22T10:54:26.003Z" },
    { url = "https://files.pythonhosted.org/packages/47/37/4a38116e7700720fd152c666292214fd3abdf916496991296d8d1f66efbf/duckdb-1.5.5-cp313-cp313-macosx_10_13_universal2.whl", hash = "sha256:cd98829b67788609017e65c761bd42a5dd0f9129441bed8bda4d6881ccf819f0", size = 32754294, upload-time = "2026-07-22T10:54:29.822Z" },
    { url = "https://files.pythonhosted.org/packages/66/42/7d392f1ba1eee0eaf4ab4c8c7a604bfe3536cd63f979cf5c98798664f807/duckdb-1.5.5-cp313-cp313-macosx_10_13_x86_64.whl", hash = "sha256:feead93c56679b79592d437c62975d39cb67adedffa7592c763baf8160ac7366", size = 17368211, upload-time = "2026-07-22T10:54:33.359Z" },
    { url = "https://files.pythonhosted.org/packages/9f/a5/0a6f4fa60562faa615e55e15bd1953a2f2b17a8edd8105e5cda215e43457/duckdb-1.5.5-cp313-cp313-macosx_11_0_arm64.whl", hash = "sha256:49c963d9469373d7aba8d750d9ea565ab823e94166efed953f184dd9b169b98c", size = 15509136, upload-time = "2026-07-22T10:54:36.369Z" },
    { url = "https://files.pythonhosted.org/packages/e4/cb/023c89f51978545b9fab318581bba0c457a58e7530d2d933e54ae7d8647c/duckdb-1.5.5-cp313-cp313-manylinux_2_26_aarch64.manylinux_2_28_aarch64.whl", hash = "sha256:a736217825461732b5442d05a220f3da2e23a0dae114efbf08c9bf171b53098a", size = 19392147, upload-time = "2026-07-22T10:54:39.551Z" },
    { url = "https://files.pythonhosted.org/packages/3e/c5/41bef391fb8b23dbc133c9f2ba016e7a7a8124513d2cc1b430f1897d87e4/duckdb-1.5.5-cp313-cp313-manylinux_2_26_x86_64.manylinux_2_28_x86_64.whl", hash = "sha256:078e6a60dd8eedde5832f45422ca5c4a6b8c837aeabd8a56ca0b7d933f588053", size = 21511060, upload-time = "2026-07-22T10:54:42.788Z" },
    { url = "https://files.pythonhosted.org/packages/07/9f/c44dfc1f924ac29b3252dc1b91393c01d009dbfe9f8ed33f10b986151bd1/duckdb-1.5.5-cp313-cp313-win_amd64.whl", hash = "sha256:6826504277dba513c0c5d71d828456c94d729c9d2482f94b2e289f90a9167e28", size = 13168028, upload-time = "2026-07-22T10:54:46.127Z" },
    { url = "https://files.pythonhosted.org/packages/ca/88/591384b2cd59abddd6f5dc175e60374f9abae6064429f0c4402854c10f44/duckdb-1.5.5-cp313-cp313-win_arm64.whl", hash = "sha256:baa9c5702002fabb559ded2a39008f9f421fcbc7237d388b8213eff1e08858de", size = 13989955, upload-time = "2026-07-22T10:54:49.262Z" },
    { url = "https://files.pythonhosted.org/packages/3e/56/12c65bfa2d2605b81981b264788891bcf11ec72227889554cead5d8d13b9/duckdb-1.5.5-cp314-cp314-macosx_10_15_universal2.whl", hash = "sha256:8e6413dd40facb7b8ab21bd844450cd8f549b29e138635be9cf090ef4d2049e2", size = 32761946, upload-time = "2026-07-22T10:54:53.412Z" },
    { url = "https://files.pythonhosted.org/packages/b9/46/682ce155f17e0d2822d4f13ee3db9ca4b5b7c2da61b841b2629035e1f4bc/duckdb-1.5.5-cp314-cp314-macosx_10_15_x86_64.whl", hash = "sha256:64078acfd16541132ac6e191eb81b2845554444a0305cc1aa581ba107e514aa8", size = 17375069, upload-time = "2026-07-22T10:54:57.269Z" },
    { url = "https://files.pythonhosted.org/packages/39/ce/a24bcbd3289c8f305a430759c5fc12242740b4af3e17f7593f3a34e333d2/duckdb-1.5.5-cp314-cp314-macosx_11_0_arm64.whl", hash = "sha256:8c11775cc99a447618d5f1840126db17f2652f3eae05529df4f81f40e2df7151", size = 15519791, upload-time = "2026-07-22T10:55:00.681Z" },
    { url = "https://files.pythonhosted.org/packages/d9/76/3a01afbc615c1d418c0de58a6b68ac5ce2a8563232c0464bfbc2ce552398/duckdb-1.5.5-cp314-cp314-manylinux_2_26_aarch64.manylinux_2_28_aarch64.whl", hash = "sha256:77bbc1e6ba12e1e06f9020117bdf848627ecfdf36f907550e62e008e6109dece", size = 19398251, upload-time = "2026-07-22T10:55:04.168Z" },
    { url = "https://files.pythonhosted.org/packages/a1/43/3a5e81d1728f4d234c79bfe385808ee7c04834f7c37a4b5c257459c25614/duckdb-1.5.5-cp314-cp314-manylinux_2_26_x86_64.manylinux_2_28_x86_64.whl", hash = "sha256:fbf0f2d48b43c6c304d00463b463c27ead6c4b01c3c1816b750f728decf71afe", size = 21513851, upload-time = "2026-07-22T10:55:07.864Z" },
    { url = "https://files.pythonhosted.org/packages/91/41/fc7c829172c60ca22485251eab285f4f1a0d87b486a024c726f21471d86e/duckdb-1.5.5-cp314-cp314-win_amd64.whl", hash = "sha256:9dc826c4b50e64f6c4e4d07a3a9cb075ef70ba3899dc43ec5493dc3d7b04b353", size = 13691858, upload-time = "2026-07-22T10:55:11.181Z" },
    { url = "https://files.pythonhosted.org/packages/e1/2c/95d9216b79e9273689d7ebce125a54503ed0c9bd7da931f0265888e99779/duckdb-1.5.5-cp314-cp314-win_arm64.whl", hash = "sha256:63e48d4b74b15aeacd688976432a7225163df8c226eddeb8536bba2d4d4ff433", size = 14470180, upload-time = "2026-07-22T10:55:14.445Z" },
]

[[package]]
name = "jeepney"
version = "0.9.0"
source = { registry = "https://pypi.org/simple" }
sdist = { url = "https://files.pythonhosted.org/packages/7b/6f/357efd7602486741aa73ffc0617fb310a29b588ed0fd69c2399acbb85b0c/jeepney-0.9.0.tar.gz", hash = "sha256:cf0e9e845622b81e4a28df94c40345400256ec608d0e55bb8a3feaa9163f5732", size = 106758, upload-time = "2025-02-27T18:51:01.684Z" }
wheels = [
    { url = "https://files.pythonhosted.org/packages/b2/a3/e137168c9c44d18eff0376253da9f1e9234d0239e0ee230d2fee6cea8e55/jeepney-0.9.0-py3-none-any.whl", hash = "sha256:97e5714520c16fc0a45695e5365a2e11b81ea79bba796e26f9f1d178cb182683", size = 49010, upload-time = "2025-02-27T18:51:00.104Z" },
]

[[package]]
name = "lz4"
version = "4.4.5"
source = { registry = "https://pypi.org/simple" }
sdist = { url = "https://files.pythonhosted.org/packages/57/51/f1b86d93029f418033dddf9b9f79c8d2641e7454080478ee2aab5123173e/lz4-4.4.5.tar.gz", hash = "sha256:5f0b9e53c1e82e88c10d7c180069363980136b9d7a8306c4dca4f760d60c39f0", size = 172886, upload-time = "2025-11-03T13:02:36.061Z" }
wheels = [
    { url = "https://files.pythonhosted.org/packages/1b/ac/016e4f6de37d806f7cc8f13add0a46c9a7cfc41a5ddc2bc831d7954cf1ce/lz4-4.4.5-cp312-cp312-macosx_10_13_x86_64.whl", hash = "sha256:df5aa4cead2044bab83e0ebae56e0944cc7fcc1505c7787e9e1057d6d549897e", size = 207163, upload-time = "2025-11-03T13:01:45.895Z" },
    { url = "https://files.pythonhosted.org/packages/8d/df/0fadac6e5bd31b6f34a1a8dbd4db6a7606e70715387c27368586455b7fc9/lz4-4.4.5-cp312-cp312-macosx_11_0_arm64.whl", hash = "sha256:6d0bf51e7745484d2092b3a51ae6eb58c3bd3ce0300cf2b2c14f76c536d5697a", size = 207150, upload-time = "2025-11-03T13:01:47.205Z" },
    { url = "https://files.pythonhosted.org/packages/b7/17/34e36cc49bb16ca73fb57fbd4c5eaa61760c6b64bce91fcb4e0f4a97f852/lz4-4.4.5-cp312-cp312-manylinux1_i686.manylinux_2_28_i686.manylinux_2_5_i686.whl", hash = "sha256:7b62f94b523c251cf32aa4ab555f14d39bd1a9df385b72443fd76d7c7fb051f5", size = 1292045, upload-time = "2025-11-03T13:01:48.667Z" },
    { url = "https://files.pythonhosted.org/packages/90/1c/b1d8e3741e9fc89ed3b5f7ef5f22586c07ed6bb04e8343c2e98f0fa7ff04/lz4-4.4.5-cp312-cp312-manylinux2014_aarch64.manylinux_2_17_aarch64.manylinux_2_28_aarch64.whl", hash = "sha256:2c3ea562c3af274264444819ae9b14dbbf1ab070aff214a05e97db6896c7597e", size = 1279546, upload-time = "2025-11-03T13:01:50.159Z" },
    { url = "https://files.pythonhosted.org/packages/55/d9/e3867222474f6c1b76e89f3bd914595af69f55bf2c1866e984c548afdc15/lz4-4.4.5-cp312-cp312-manylinux2014_x86_64.manylinux_2_17_x86_64.manylinux_2_28_x86_64.whl", hash = "sha256:24092635f47538b392c4eaeff14c7270d2c8e806bf4be2a6446a378591c5e69e", size = 1368249, upload-time = "2025-11-03T13:01:51.273Z" },
    { url = "https://files.pythonhosted.org/packages/b2/e7/d667d337367686311c38b580d1ca3d5a23a6617e129f26becd4f5dc458df/lz4-4.4.5-cp312-cp312-win32.whl", hash = "sha256:214e37cfe270948ea7eb777229e211c601a3e0875541c1035ab408fbceaddf50", size = 88189, upload-time = "2025-11-03T13:01:52.605Z" },
    { url = "https://files.pythonhosted.org/packages/a5/0b/a54cd7406995ab097fceb907c7eb13a6ddd49e0b231e448f1a81a50af65c/lz4-4.4.5-cp312-cp312-win_amd64.whl", hash = "sha256:713a777de88a73425cf08eb11f742cd2c98628e79a8673d6a52e3c5f0c116f33", size = 99497, upload-time = "2025-11-03T13:01:53.477Z" },
    { url = "https://files.pythonhosted.org/packages/6a/7e/dc28a952e4bfa32ca16fa2eb026e7a6ce5d1411fcd5986cd08c74ec187b9/lz4-4.4.5-cp312-cp312-win_arm64.whl", hash = "sha256:a88cbb729cc333334ccfb52f070463c21560fca63afcf636a9f160a55fac3301", size = 91279, upload-time = "2025-11-03T13:01:54.419Z" },
    { url = "https://files.pythonhosted.org/packages/2f/46/08fd8ef19b782f301d56a9ccfd7dafec5fd4fc1a9f017cf22a1accb585d7/lz4-4.4.5-cp313-cp313-macosx_10_13_x86_64.whl", hash = "sha256:6bb05416444fafea170b07181bc70640975ecc2a8c92b3b658c554119519716c", size = 207171, upload-time = "2025-11-03T13:01:56.595Z" },
    { url = "https://files.pythonhosted.org/packages/8f/3f/ea3334e59de30871d773963997ecdba96c4584c5f8007fd83cfc8f1ee935/lz4-4.4.5-cp313-cp313-macosx_11_0_arm64.whl", hash = "sha256:b424df1076e40d4e884cfcc4c77d815368b7fb9ebcd7e634f937725cd9a8a72a", size = 207163, upload-time = "2025-11-03T13:01:57.721Z" },
    { url = "https://files.pythonhosted.org/packages/41/7b/7b3a2a0feb998969f4793c650bb16eff5b06e80d1f7bff867feb332f2af2/lz4-4.4.5-cp313-cp313-manylinux1_i686.manylinux_2_28_i686.manylinux_2_5_i686.whl", hash = "sha256:216ca0c6c90719731c64f41cfbd6f27a736d7e50a10b70fad2a9c9b262ec923d", size = 1292136, upload-time = "2025-11-03T13:02:00.375Z" },
    { url = "https://files.pythonhosted.org/packages/89/d1/f1d259352227bb1c185288dd694121ea303e43404aa77560b879c90e7073/lz4-4.4.5-cp313-cp313-manylinux2014_aarch64.manylinux_2_17_aarch64.manylinux_2_28_aarch64.whl", hash = "sha256:533298d208b58b651662dd972f52d807d48915176e5b032fb4f8c3b6f5fe535c", size = 1279639, upload-time = "2025-11-03T13:02:01.649Z" },
    { url = "https://files.pythonhosted.org/packages/d2/fb/ba9256c48266a09012ed1d9b0253b9aa4fe9cdff094f8febf5b26a4aa2a2/lz4-4.4.5-cp313-cp313-manylinux2014_x86_64.manylinux_2_17_x86_64.manylinux_2_28_x86_64.whl", hash = "sha256:451039b609b9a88a934800b5fc6ee401c89ad9c175abf2f4d9f8b2e4ef1afc64", size = 1368257, upload-time = "2025-11-03T13:02:03.35Z" },
    { url = "https://files.pythonhosted.org/packages/a5/6d/dee32a9430c8b0e01bbb4537573cabd00555827f1a0a42d4e24ca803935c/lz4-4.4.5-cp313-cp313-win32.whl", hash = "sha256:a5f197ffa6fc0e93207b0af71b302e0a2f6f29982e5de0fbda61606dd3a55832", size = 88191, upload-time = "2025-11-03T13:02:04.406Z" },
    { url = "https://files.pythonhosted.org/packages/18/e0/f06028aea741bbecb2a7e9648f4643235279a770c7ffaf70bd4860c73661/lz4-4.4.5-cp313-cp313-win_amd64.whl", hash = "sha256:da68497f78953017deb20edff0dba95641cc86e7423dfadf7c0264e1ac60dc22", size = 99502, upload-time = "2025-11-03T13:02:05.886Z" },
    { url = "https://files.pythonhosted.org/packages/61/72/5bef44afb303e56078676b9f2486f13173a3c1e7f17eaac1793538174817/lz4-4.4.5-cp313-cp313-win_arm64.whl", hash = "sha256:c1cfa663468a189dab510ab231aad030970593f997746d7a324d40104db0d0a9", size = 91285, upload-time = "2025-11-03T13:02:06.77Z" },
    { url = "https://files.pythonhosted.org/packages/49/55/6a5c2952971af73f15ed4ebfdd69774b454bd0dc905b289082ca8664fba1/lz4-4.4.5-cp313-cp313t-macosx_10_13_x86_64.whl", hash = "sha256:67531da3b62f49c939e09d56492baf397175ff39926d0bd5bd2d191ac2bff95f", size = 207348, upload-time = "2025-11-03T13:02:08.117Z" },
    { url = "https://files.pythonhosted.org/packages/4e/d7/fd62cbdbdccc35341e83aabdb3f6d5c19be2687d0a4eaf6457ddf53bba64/lz4-4.4.5-cp313-cp313t-macosx_11_0_arm64.whl", hash = "sha256:a1acbbba9edbcbb982bc2cac5e7108f0f553aebac1040fbec67a011a45afa1ba", size = 207340, upload-time = "2025-11-03T13:02:09.152Z" },
    { url = "https://files.pythonhosted.org/packages/77/69/225ffadaacb4b0e0eb5fd263541edd938f16cd21fe1eae3cd6d5b6a259dc/lz4-4.4.5-cp313-cp313t-manylinux1_i686.manylinux_2_28_i686.manylinux_2_5_i686.whl", hash = "sha256:a482eecc0b7829c89b498fda883dbd50e98153a116de612ee7c111c8bcf82d1d", size = 1293398, upload-time = "2025-11-03T13:02:10.272Z" },
    { url = "https://files.pythonhosted.org/packages/c6/9e/2ce59ba4a21ea5dc43460cba6f34584e187328019abc0e66698f2b66c881/lz4-4.4.5-cp313-cp313t-manylinux2014_aarch64.manylinux_2_17_aarch64.manylinux_2_28_aarch64.whl", hash = "sha256:e099ddfaa88f59dd8d36c8a3c66bd982b4984edf127eb18e30bb49bdba68ce67", size = 1281209, upload-time = "2025-11-03T13:02:12.091Z" },
    { url = "https://files.pythonhosted.org/packages/80/4f/4d946bd1624ec229b386a3bc8e7a85fa9a963d67d0a62043f0af0978d3da/lz4-4.4.5-cp313-cp313t-manylinux2014_x86_64.manylinux_2_17_x86_64.manylinux_2_28_x86_64.whl", hash = "sha256:a2af2897333b421360fdcce895c6f6281dc3fab018d19d341cf64d043fc8d90d", size = 1369406, upload-time = "2025-11-03T13:02:13.683Z" },
    { url = "https://files.pythonhosted.org/packages/02/a2/d429ba4720a9064722698b4b754fb93e42e625f1318b8fe834086c7c783b/lz4-4.4.5-cp313-cp313t-win32.whl", hash = "sha256:66c5de72bf4988e1b284ebdd6524c4bead2c507a2d7f172201572bac6f593901", size = 88325, upload-time = "2025-11-03T13:02:14.743Z" },
    { url = "https://files.pythonhosted.org/packages/4b/85/7ba10c9b97c06af6c8f7032ec942ff127558863df52d866019ce9d2425cf/lz4-4.4.5-cp313-cp313t-win_amd64.whl", hash = "sha256:cdd4bdcbaf35056086d910d219106f6a04e1ab0daa40ec0eeef1626c27d0fddb", size = 99643, upload-time = "2025-11-03T13:02:15.978Z" },
    { url = "https://files.pythonhosted.org/packages/77/4d/a175459fb29f909e13e57c8f475181ad8085d8d7869bd8ad99033e3ee5fa/lz4-4.4.5-cp313-cp313t-win_arm64.whl", hash = "sha256:28ccaeb7c5222454cd5f60fcd152564205bcb801bd80e125949d2dfbadc76bbd", size = 91504, upload-time = "2025-11-03T13:02:17.313Z" },
    { url = "https://files.pythonhosted.org/packages/63/9c/70bdbdb9f54053a308b200b4678afd13efd0eafb6ddcbb7f00077213c2e5/lz4-4.4.5-cp314-cp314-macosx_10_15_x86_64.whl", hash = "sha256:c216b6d5275fc060c6280936bb3bb0e0be6126afb08abccde27eed23dead135f", size = 207586, upload-time = "2025-11-03T13:02:18.263Z" },
    { url = "https://files.pythonhosted.org/packages/b6/cb/bfead8f437741ce51e14b3c7d404e3a1f6b409c440bad9b8f3945d4c40a7/lz4-4.4.5-cp314-cp314-macosx_11_0_arm64.whl", hash = "sha256:c8e71b14938082ebaf78144f3b3917ac715f72d14c076f384a4c062df96f9df6", size = 207161, upload-time = "2025-11-03T13:02:19.286Z" },
    { url = "https://files.pythonhosted.org/packages/e7/18/b192b2ce465dfbeabc4fc957ece7a1d34aded0d95a588862f1c8a86ac448/lz4-4.4.5-cp314-cp314-manylinux1_i686.manylinux_2_28_i686.manylinux_2_5_i686.whl", hash = "sha256:9b5e6abca8df9f9bdc5c3085f33ff32cdc86ed04c65e0355506d46a5ac19b6e9", size = 1292415, upload-time = "2025-11-03T13:02:20.829Z" },
    { url = "https://files.pythonhosted.org/packages/67/79/a4e91872ab60f5e89bfad3e996ea7dc74a30f27253faf95865771225ccba/lz4-4.4.5-cp314-cp314-manylinux2014_aarch64.manylinux_2_17_aarch64.manylinux_2_28_aarch64.whl", hash = "sha256:3b84a42da86e8ad8537aabef062e7f661f4a877d1c74d65606c49d835d36d668", size = 1279920, upload-time = "2025-11-03T13:02:22.013Z" },
    { url = "https://files.pythonhosted.org/packages/f1/01/d52c7b11eaa286d49dae619c0eec4aabc0bf3cda7a7467eb77c62c4471f3/lz4-4.4.5-cp314-cp314-manylinux2014_x86_64.manylinux_2_17_x86_64.manylinux_2_28_x86_64.whl", hash = "sha256:0bba042ec5a61fa77c7e380351a61cb768277801240249841defd2ff0a10742f", size = 1368661, upload-time = "2025-11-03T13:02:23.208Z" },
    { url = "https://files.pythonhosted.org/packages/f7/da/137ddeea14c2cb86864838277b2607d09f8253f152156a07f84e11768a28/lz4-4.4.5-cp314-cp314-win32.whl", hash = "sha256:bd85d118316b53ed73956435bee1997bd06cc66dd2fa74073e3b1322bd520a67", size = 90139, upload-time = "2025-11-03T13:02:24.301Z" },
    { url = "https://files.pythonhosted.org/packages/18/2c/8332080fd293f8337779a440b3a143f85e374311705d243439a3349b81ad/lz4-4.4.5-cp314-cp314-win_amd64.whl", hash = "sha256:92159782a4502858a21e0079d77cdcaade23e8a5d252ddf46b0652604300d7be", size = 101497, upload-time = "2025-11-03T13:02:25.187Z" },
    { url = "https://files.pythonhosted.org/packages/ca/28/2635a8141c9a4f4bc23f5135a92bbcf48d928d8ca094088c962df1879d64/lz4-4.4.5-cp314-cp314-win_arm64.whl", hash = "sha256:d994b87abaa7a88ceb7a37c90f547b8284ff9da694e6afcfaa8568d739faf3f7", size = 93812, upload-time = "2025-11-03T13:02:26.133Z" },
]

[[package]]
name = "pycryptodomex"
version = "3.23.0"
source = { registry = "https://pypi.org/simple" }
sdist = { url = "https://files.pythonhosted.org/packages/c9/85/e24bf90972a30b0fcd16c73009add1d7d7cd9140c2498a68252028899e41/pycryptodomex-3.23.0.tar.gz", hash = "sha256:71909758f010c82bc99b0abf4ea12012c98962fbf0583c2164f8b84533c2e4da", size = 4922157, upload-time = "2025-05-17T17:23:41.434Z" }
wheels = [
    { url = "https://files.pythonhosted.org/packages/2e/00/10edb04777069a42490a38c137099d4b17ba6e36a4e6e28bdc7470e9e853/pycryptodomex-3.23.0-cp313-cp313t-macosx_10_13_universal2.whl", hash = "sha256:7b37e08e3871efe2187bc1fd9320cc81d87caf19816c648f24443483005ff886", size = 2498764, upload-time = "2025-05-17T17:22:21.453Z" },
    { url = "https://files.pythonhosted.org/packages/6b/3f/2872a9c2d3a27eac094f9ceaa5a8a483b774ae69018040ea3240d5b11154/pycryptodomex-3.23.0-cp313-cp313t-macosx_10_13_x86_64.whl", hash = "sha256:91979028227543010d7b2ba2471cf1d1e398b3f183cb105ac584df0c36dac28d", size = 1643012, upload-time = "2025-05-17T17:22:23.702Z" },
    { url = "https://files.pythonhosted.org/packages/70/af/774c2e2b4f6570fbf6a4972161adbb183aeeaa1863bde31e8706f123bf92/pycryptodomex-3.23.0-cp313-cp313t-manylinux_2_17_aarch64.manylinux2014_aarch64.whl", hash = "sha256:6b8962204c47464d5c1c4038abeadd4514a133b28748bcd9fa5b6d62e3cec6fa", size = 2187643, upload-time = "2025-05-17T17:22:26.37Z" },
    { url = "https://files.pythonhosted.org/packages/de/a3/71065b24cb889d537954cedc3ae5466af00a2cabcff8e29b73be047e9a19/pycryptodomex-3.23.0-cp313-cp313t-manylinux_2_17_x86_64.manylinux2014_x86_64.whl", hash = "sha256:a33986a0066860f7fcf7c7bd2bc804fa90e434183645595ae7b33d01f3c91ed8", size = 2273762, upload-time = "2025-05-17T17:22:28.313Z" },
    { url = "https://files.pythonhosted.org/packages/c9/0b/ff6f43b7fbef4d302c8b981fe58467b8871902cdc3eb28896b52421422cc/pycryptodomex-3.23.0-cp313-cp313t-manylinux_2_5_i686.manylinux1_i686.manylinux_2_17_i686.manylinux2014_i686.whl", hash = "sha256:c7947ab8d589e3178da3d7cdeabe14f841b391e17046954f2fbcd941705762b5", size = 2313012, upload-time = "2025-05-17T17:22:30.57Z" },
    { url = "https://files.pythonhosted.org/packages/02/de/9d4772c0506ab6da10b41159493657105d3f8bb5c53615d19452afc6b315/pycryptodomex-3.23.0-cp313-cp313t-musllinux_1_2_aarch64.whl", hash = "sha256:c25e30a20e1b426e1f0fa00131c516f16e474204eee1139d1603e132acffc314", size = 2186856, upload-time = "2025-05-17T17:22:32.819Z" },
    { url = "https://files.pythonhosted.org/packages/28/ad/8b30efcd6341707a234e5eba5493700a17852ca1ac7a75daa7945fcf6427/pycryptodomex-3.23.0-cp313-cp313t-musllinux_1_2_i686.whl", hash = "sha256:da4fa650cef02db88c2b98acc5434461e027dce0ae8c22dd5a69013eaf510006", size = 2347523, upload-time = "2025-05-17T17:22:35.386Z" },
    { url = "https://files.pythonhosted.org/packages/0f/02/16868e9f655b7670dbb0ac4f2844145cbc42251f916fc35c414ad2359849/pycryptodomex-3.23.0-cp313-cp313t-musllinux_1_2_x86_64.whl", hash = "sha256:58b851b9effd0d072d4ca2e4542bf2a4abcf13c82a29fd2c93ce27ee2a2e9462", size = 2272825, upload-time = "2025-05-17T17:22:37.632Z" },
    { url = "https://files.pythonhosted.org/packages/ca/18/4ca89ac737230b52ac8ffaca42f9c6f1fd07c81a6cd821e91af79db60632/pycryptodomex-3.23.0-cp313-cp313t-win32.whl", hash = "sha256:a9d446e844f08299236780f2efa9898c818fe7e02f17263866b8550c7d5fb328", size = 1772078, upload-time = "2025-05-17T17:22:40Z" },
    { url = "https://files.pythonhosted.org/packages/73/34/13e01c322db027682e00986873eca803f11c56ade9ba5bbf3225841ea2d4/pycryptodomex-3.23.0-cp313-cp313t-win_amd64.whl", hash = "sha256:bc65bdd9fc8de7a35a74cab1c898cab391a4add33a8fe740bda00f5976ca4708", size = 1803656, upload-time = "2025-05-17T17:22:42.139Z" },
    { url = "https://files.pythonhosted.org/packages/54/68/9504c8796b1805d58f4425002bcca20f12880e6fa4dc2fc9a668705c7a08/pycryptodomex-3.23.0-cp313-cp313t-win_arm64.whl", hash = "sha256:c885da45e70139464f082018ac527fdaad26f1657a99ee13eecdce0f0ca24ab4", size = 1707172, upload-time = "2025-05-17T17:22:44.704Z" },
    { url = "https://files.pythonhosted.org/packages/dd/9c/1a8f35daa39784ed8adf93a694e7e5dc15c23c741bbda06e1d45f8979e9e/pycryptodomex-3.23.0-cp37-abi3-macosx_10_9_universal2.whl", hash = "sha256:06698f957fe1ab229a99ba2defeeae1c09af185baa909a31a5d1f9d42b1aaed6", size = 2499240, upload-time = "2025-05-17T17:22:46.953Z" },
    { url = "https://files.pythonhosted.org/packages/7a/62/f5221a191a97157d240cf6643747558759126c76ee92f29a3f4aee3197a5/pycryptodomex-3.23.0-cp37-abi3-macosx_10_9_x86_64.whl", hash = "sha256:b2c2537863eccef2d41061e82a881dcabb04944c5c06c5aa7110b577cc487545", size = 1644042, upload-time = "2025-05-17T17:22:49.098Z" },
    { url = "https://files.pythonhosted.org/packages/8c/fd/5a054543c8988d4ed7b612721d7e78a4b9bf36bc3c5ad45ef45c22d0060e/pycryptodomex-3.23.0-cp37-abi3-manylinux_2_17_aarch64.manylinux2014_aarch64.whl", hash = "sha256:43c446e2ba8df8889e0e16f02211c25b4934898384c1ec1ec04d7889c0333587", size = 2186227, upload-time = "2025-05-17T17:22:51.139Z" },
    { url = "https://files.pythonhosted.org/packages/c8/a9/8862616a85cf450d2822dbd4fff1fcaba90877907a6ff5bc2672cafe42f8/pycryptodomex-3.23.0-cp37-abi3-manylinux_2_17_x86_64.manylinux2014_x86_64.whl", hash = "sha256:f489c4765093fb60e2edafdf223397bc716491b2b69fe74367b70d6999257a5c", size = 2272578, upload-time = "2025-05-17T17:22:53.676Z" },
    { url = "https://files.pythonhosted.org/packages/46/9f/bda9c49a7c1842820de674ab36c79f4fbeeee03f8ff0e4f3546c3889076b/pycryptodomex-3.23.0-cp37-abi3-manylinux_2_5_i686.manylinux1_i686.manylinux_2_17_i686.manylinux2014_i686.whl", hash = "sha256:bdc69d0d3d989a1029df0eed67cc5e8e5d968f3724f4519bd03e0ec68df7543c", size = 2312166, upload-time = "2025-05-17T17:22:56.585Z" },
    { url = "https://files.pythonhosted.org/packages/03/cc/870b9bf8ca92866ca0186534801cf8d20554ad2a76ca959538041b7a7cf4/pycryptodomex-3.23.0-cp37-abi3-musllinux_1_2_aarch64.whl", hash = "sha256:6bbcb1dd0f646484939e142462d9e532482bc74475cecf9c4903d4e1cd21f003", size = 2185467, upload-time = "2025-05-17T17:22:59.237Z" },
    { url = "https://files.pythonhosted.org/packages/96/e3/ce9348236d8e669fea5dd82a90e86be48b9c341210f44e25443162aba187/pycryptodomex-3.23.0-cp37-abi3-musllinux_1_2_i686.whl", hash = "sha256:8a4fcd42ccb04c31268d1efeecfccfd1249612b4de6374205376b8f280321744", size = 2346104, upload-time = "2025-05-17T17:23:02.112Z" },
    { url = "https://files.pythonhosted.org/packages/a5/e9/e869bcee87beb89040263c416a8a50204f7f7a83ac11897646c9e71e0daf/pycryptodomex-3.23.0-cp37-abi3-musllinux_1_2_x86_64.whl", hash = "sha256:55ccbe27f049743a4caf4f4221b166560d3438d0b1e5ab929e07ae1702a4d6fd", size = 2271038, upload-time = "2025-05-17T17:23:04.872Z" },
    { url = "https://files.pythonhosted.org/packages/8d/67/09ee8500dd22614af5fbaa51a4aee6e342b5fa8aecf0a6cb9cbf52fa6d45/pycryptodomex-3.23.0-cp37-abi3-win32.whl", hash = "sha256:189afbc87f0b9f158386bf051f720e20fa6145975f1e76369303d0f31d1a8d7c", size = 1771969, upload-time = "2025-05-17T17:23:07.115Z" },
    { url = "https://files.pythonhosted.org/packages/69/96/11f36f71a865dd6df03716d33bd07a67e9d20f6b8d39820470b766af323c/pycryptodomex-3.23.0-cp37-abi3-win_amd64.whl", hash = "sha256:52e5ca58c3a0b0bd5e100a9fbc8015059b05cffc6c66ce9d98b4b45e023443b9", size = 1803124, upload-time = "2025-05-17T17:23:09.267Z" },
    { url = "https://files.pythonhosted.org/packages/f9/93/45c1cdcbeb182ccd2e144c693eaa097763b08b38cded279f0053ed53c553/pycryptodomex-3.23.0-cp37-abi3-win_arm64.whl", hash = "sha256:02d87b80778c171445d67e23d1caef279bf4b25c3597050ccd2e13970b57fd51", size = 1707161, upload-time = "2025-05-17T17:23:11.414Z" },
]

[[package]]
name = "pywin32"
version = "312"
source = { registry = "https://pypi.org/simple" }
wheels = [
    { url = "https://files.pythonhosted.org/packages/83/ff/32aa7d2ed0ab12b323aaa64f9b75e6ad4f8fd09f9ccfc28c79414d46838d/pywin32-312-cp312-cp312-win32.whl", hash = "sha256:dab4f65ac9c4e48400a2a0530c46c3c579cd5905ecd11b80692373915269208b", size = 6371877, upload-time = "2026-06-04T07:49:28.836Z" },
    { url = "https://files.pythonhosted.org/packages/03/d9/77040d3b43df3f3be32ea289433d660d2727f5ba327bc73be835127d9d60/pywin32-312-cp312-cp312-win_amd64.whl", hash = "sha256:b457f6d628a47e8a7346ce22acb7e1a46a4a78b52e1d17e1af56871bd19a93bc", size = 6914841, upload-time = "2026-06-04T07:49:31.85Z" },
    { url = "https://files.pythonhosted.org/packages/e3/cc/7b1ec671775756020a0ee7f4feeaf3c568f0ab86bd3900088cf986937a92/pywin32-312-cp312-cp312-win_arm64.whl", hash = "sha256:6017c58e12f6809fbb0555b75df144c2922a9ffd18e4b9b5afa863b6c1a9d950", size = 6727901, upload-time = "2026-06-04T07:49:34.244Z" },
    { url = "https://files.pythonhosted.org/packages/2d/41/12fbfd7f36ed2146d8bc9de96c2741296bf0d490b98508496cff322e274c/pywin32-312-cp313-cp313-win32.whl", hash = "sha256:7a27df850933d16a8eabfbaeb73d52b273e2da667f80d70b01a89d1f6828d02c", size = 6370184, upload-time = "2026-06-04T07:49:36.253Z" },
    { url = "https://files.pythonhosted.org/packages/ba/db/36a78e3403099d31d9746d13fdcde5accc43c1155f375a34d15983a479a7/pywin32-312-cp313-cp313-win_amd64.whl", hash = "sha256:c53e878d15a1c44788082bfe712a905433473aa38f86375b7cf8b45e3acbaaf9", size = 6914298, upload-time = "2026-06-04T07:49:38.876Z" },
    { url = "https://files.pythonhosted.org/packages/84/37/c1697194092b76de9ed47ca124323f02c57ffc8a45c06f88a3d5acaf01eb/pywin32-312-cp313-cp313-win_arm64.whl", hash = "sha256:59aba5d5940842075343a5ddc6b11f1cdf0d1567fe745290359dfbcc7c2eb831", size = 6727640, upload-time = "2026-06-04T07:49:41.083Z" },
    { url = "https://files.pythonhosted.org/packages/fc/2b/1f3cded5822fd49c02f40544cbb5f58c7cfd6b1694869fd476cb6170ee97/pywin32-312-cp314-cp314-win32.whl", hash = "sha256:a77a90fbb6881238d2ca9c6fd797b25817f3768fe78d214a90137ff055a75f5b", size = 6468928, upload-time = "2026-06-04T07:49:43.188Z" },
    { url = "https://files.pythonhosted.org/packages/21/82/3bf86d2e2808902013132e1ce905a7da0da53790f3836c64bf44d55e24f3/pywin32-312-cp314-cp314-win_amd64.whl", hash = "sha256:a4dd3a848290ef724347b19f301045831d8e802fa4464f491b98b1e0a081432e", size = 7024157, upload-time = "2026-06-04T07:49:45.34Z" },
    { url = "https://files.pythonhosted.org/packages/a4/0e/73f6d6800b4f27655abd9e9f6aaeaefcddb2b946e4674efa2bab184a7f7b/pywin32-312-cp314-cp314-win_arm64.whl", hash = "sha256:9fce94568364e0155e6dfb781ac5d95903be8baf28670632beab1b523f300daa", size = 6839598, upload-time = "2026-06-04T07:49:47.613Z" },
    { url = "https://files.pythonhosted.org/packages/eb/61/caa39686032d2ebdd04ff0ab5cbe163126c0066d98e00c9018646e42393b/pywin32-312-cp315-cp315-win32.whl", hash = "sha256:5c1fbe4a937a73ae9297384a3da38518cbc694c68ad8a809b2e19acd350f03ed", size = 6471159, upload-time = "2026-06-04T07:49:50.035Z" },
    { url = "https://files.pythonhosted.org/packages/0f/cd/7e1de64a4a6f69c04214169657ccab0d93a670ea50e35eb8f489d7378249/pywin32-312-cp315-cp315-win_amd64.whl", hash = "sha256:c2f03a0f73f804a13c2735b99392b0cd426bb4f2c4d0178e5ac966a0f21618d5", size = 7025293, upload-time = "2026-06-04T07:49:54.857Z" },
    { url = "https://files.pythonhosted.org/packages/23/ed/4532e9388e65fa16b46776ef47ad631a64eda1631884488af707666350ed/pywin32-312-cp315-cp315-win_arm64.whl", hash = "sha256:a8597d28f267b39074aef51fa593530082b39cbe5a074226096857b1fed2dfb9", size = 6840337, upload-time = "2026-06-04T07:49:57.531Z" },
]

[[package]]
name = "shadowcopy"
version = "0.0.4"
source = { registry = "https://pypi.org/simple" }
dependencies = [
    { name = "wmi" },
]
sdist = { url = "https://files.pythonhosted.org/packages/12/44/c00420a3b7bcdf830529b933392b566c876a4944a24f31e126eb6fd28647/shadowcopy-0.0.4.tar.gz", hash = "sha256:ed89817dda065f893607a04c0b7d6b3b34c3507a4711f441111a4bcb1b1826c0", size = 4138, upload-time = "2023-07-08T00:01:35.266Z" }
wheels = [
    { url = "https://files.pythonhosted.org/packages/ad/32/fdea8e7f7b2b8bae13ee6ab7df1a10d28a24dbeb03a62ff033563f95d77c/shadowcopy-0.0.4-py3-none-any.whl", hash = "sha256:fc51e59a639dc6a5a3a7a9b4e3ecadc71989e339f2d995d90aaa491acd4ba4eb", size = 4212, upload-time = "2023-07-08T00:01:34.042Z" },
]

[[package]]
name = "the-oven-vibe-data-pipeline"
version = "0.1.0"
source = { virtual = "." }
dependencies = [
    { name = "browser-cookie3" },
    { name = "duckdb" },
    { name = "watchdog" },
]

[package.metadata]
requires-dist = [
    { name = "browser-cookie3", specifier = ">=0.20.1" },
    { name = "duckdb", specifier = ">=1.5.5" },
    { name = "watchdog", specifier = ">=6.0.0" },
]

[[package]]
name = "watchdog"
version = "6.0.0"
source = { registry = "https://pypi.org/simple" }
sdist = { url = "https://files.pythonhosted.org/packages/db/7d/7f3d619e951c88ed75c6037b246ddcf2d322812ee8ea189be89511721d54/watchdog-6.0.0.tar.gz", hash = "sha256:9ddf7c82fda3ae8e24decda1338ede66e1c99883db93711d8fb941eaa2d8c282", size = 131220, upload-time = "2024-11-01T14:07:13.037Z" }
wheels = [
    { url = "https://files.pythonhosted.org/packages/39/ea/3930d07dafc9e286ed356a679aa02d777c06e9bfd1164fa7c19c288a5483/watchdog-6.0.0-cp312-cp312-macosx_10_13_universal2.whl", hash = "sha256:bdd4e6f14b8b18c334febb9c4425a878a2ac20efd1e0b231978e7b150f92a948", size = 96471, upload-time = "2024-11-01T14:06:37.745Z" },
    { url = "https://files.pythonhosted.org/packages/12/87/48361531f70b1f87928b045df868a9fd4e253d9ae087fa4cf3f7113be363/watchdog-6.0.0-cp312-cp312-macosx_10_13_x86_64.whl", hash = "sha256:c7c15dda13c4eb00d6fb6fc508b3c0ed88b9d5d374056b239c4ad1611125c860", size = 88449, upload-time = "2024-11-01T14:06:39.748Z" },
    { url = "https://files.pythonhosted.org/packages/5b/7e/8f322f5e600812e6f9a31b75d242631068ca8f4ef0582dd3ae6e72daecc8/watchdog-6.0.0-cp312-cp312-macosx_11_0_arm64.whl", hash = "sha256:6f10cb2d5902447c7d0da897e2c6768bca89174d0c6e1e30abec5421af97a5b0", size = 89054, upload-time = "2024-11-01T14:06:41.009Z" },
    { url = "https://files.pythonhosted.org/packages/68/98/b0345cabdce2041a01293ba483333582891a3bd5769b08eceb0d406056ef/watchdog-6.0.0-cp313-cp313-macosx_10_13_universal2.whl", hash = "sha256:490ab2ef84f11129844c23fb14ecf30ef3d8a6abafd3754a6f75ca1e6654136c", size = 96480, upload-time = "2024-11-01T14:06:42.952Z" },
    { url = "https://files.pythonhosted.org/packages/85/83/cdf13902c626b28eedef7ec4f10745c52aad8a8fe7eb04ed7b1f111ca20e/watchdog-6.0.0-cp313-cp313-macosx_10_13_x86_64.whl", hash = "sha256:76aae96b00ae814b181bb25b1b98076d5fc84e8a53cd8885a318b42b6d3a5134", size = 88451, upload-time = "2024-11-01T14:06:45.084Z" },
    { url = "https://files.pythonhosted.org/packages/fe/c4/225c87bae08c8b9ec99030cd48ae9c4eca050a59bf5c2255853e18c87b50/watchdog-6.0.0-cp313-cp313-macosx_11_0_arm64.whl", hash = "sha256:a175f755fc2279e0b7312c0035d52e27211a5bc39719dd529625b1930917345b", size = 89057, upload-time = "2024-11-01T14:06:47.324Z" },
    { url = "https://files.pythonhosted.org/packages/a9/c7/ca4bf3e518cb57a686b2feb4f55a1892fd9a3dd13f470fca14e00f80ea36/watchdog-6.0.0-py3-none-manylinux2014_aarch64.whl", hash = "sha256:7607498efa04a3542ae3e05e64da8202e58159aa1fa4acddf7678d34a35d4f13", size = 79079, upload-time = "2024-11-01T14:06:59.472Z" },
    { url = "https://files.pythonhosted.org/packages/5c/51/d46dc9332f9a647593c947b4b88e2381c8dfc0942d15b8edc0310fa4abb1/watchdog-6.0.0-py3-none-manylinux2014_armv7l.whl", hash = "sha256:9041567ee8953024c83343288ccc458fd0a2d811d6a0fd68c4c22609e3490379", size = 79078, upload-time = "2024-11-01T14:07:01.431Z" },
    { url = "https://files.pythonhosted.org/packages/d4/57/04edbf5e169cd318d5f07b4766fee38e825d64b6913ca157ca32d1a42267/watchdog-6.0.0-py3-none-manylinux2014_i686.whl", hash = "sha256:82dc3e3143c7e38ec49d61af98d6558288c415eac98486a5c581726e0737c00e", size = 79076, upload-time = "2024-11-01T14:07:02.568Z" },
    { url = "https://files.pythonhosted.org/packages/ab/cc/da8422b300e13cb187d2203f20b9253e91058aaf7db65b74142013478e66/watchdog-6.0.0-py3-none-manylinux2014_ppc64.whl", hash = "sha256:212ac9b8bf1161dc91bd09c048048a95ca3a4c4f5e5d4a7d1b1a7d5752a7f96f", size = 79077, upload-time = "2024-11-01T14:07:03.893Z" },
    { url = "https://files.pythonhosted.org/packages/2c/3b/b8964e04ae1a025c44ba8e4291f86e97fac443bca31de8bd98d3263d2fcf/watchdog-6.0.0-py3-none-manylinux2014_ppc64le.whl", hash = "sha256:e3df4cbb9a450c6d49318f6d14f4bbc80d763fa587ba46ec86f99f9e6876bb26", size = 79078, upload-time = "2024-11-01T14:07:05.189Z" },
    { url = "https://files.pythonhosted.org/packages/62/ae/a696eb424bedff7407801c257d4b1afda455fe40821a2be430e173660e81/watchdog-6.0.0-py3-none-manylinux2014_s390x.whl", hash = "sha256:2cce7cfc2008eb51feb6aab51251fd79b85d9894e98ba847408f662b3395ca3c", size = 79077, upload-time = "2024-11-01T14:07:06.376Z" },
    { url = "https://files.pythonhosted.org/packages/b5/e8/dbf020b4d98251a9860752a094d09a65e1b436ad181faf929983f697048f/watchdog-6.0.0-py3-none-manylinux2014_x86_64.whl", hash = "sha256:20ffe5b202af80ab4266dcd3e91aae72bf2da48c0d33bdb15c66658e685e94e2", size = 79078, upload-time = "2024-11-01T14:07:07.547Z" },
    { url = "https://files.pythonhosted.org/packages/07/f6/d0e5b343768e8bcb4cda79f0f2f55051bf26177ecd5651f84c07567461cf/watchdog-6.0.0-py3-none-win32.whl", hash = "sha256:07df1fdd701c5d4c8e55ef6cf55b8f0120fe1aef7ef39a1c6fc6bc2e606d517a", size = 79065, upload-time = "2024-11-01T14:07:09.525Z" },
    { url = "https://files.pythonhosted.org/packages/db/d9/c495884c6e548fce18a8f40568ff120bc3a4b7b99813081c8ac0c936fa64/watchdog-6.0.0-py3-none-win_amd64.whl", hash = "sha256:cbafb470cf848d93b5d013e2ecb245d4aa1c8fd0504e863ccefa32445359d680", size = 79070, upload-time = "2024-11-01T14:07:10.686Z" },
    { url = "https://files.pythonhosted.org/packages/33/e8/e40370e6d74ddba47f002a32919d91310d6074130fe4e17dabcafc15cbf1/watchdog-6.0.0-py3-none-win_ia64.whl", hash = "sha256:a1914259fa9e1454315171103c6a30961236f508b9b623eae470268bbcc6a22f", size = 79067, upload-time = "2024-11-01T14:07:11.845Z" },
]

[[package]]
name = "wmi"
version = "1.5.1"
source = { registry = "https://pypi.org/simple" }
dependencies = [
    { name = "pywin32" },
]
sdist = { url = "https://files.pythonhosted.org/packages/d4/66/6364deb0a03415f96c66803d8c4379f808f2401da3bdb183348487b10510/WMI-1.5.1.tar.gz", hash = "sha256:b6a6be5711b1b6c8d55bda7a8befd75c48c12b770b9d227d31c1737dbf0d40a6", size = 26254, upload-time = "2020-04-28T08:22:58.096Z" }
wheels = [
    { url = "https://files.pythonhosted.org/packages/ee/b9/a80d1ed4d115dac8e2ac08d16af046a77ab58e3d186e22395bf2add24090/WMI-1.5.1-py2.py3-none-any.whl", hash = "sha256:1d6b085e5c445141c475476000b661f60fff1aaa19f76bf82b7abb92e0ff4942", size = 28912, upload-time = "2020-04-28T08:22:56.055Z" },
]
